
Microsoft Visual Studio Solution File, Format Version 11.00
# Visual Studio 2010
Project("{FAE04EC0-301F-11D3-BF4B-00C04F79EFBC}") = "BusinessFlow", "BusinessFlow\BusinessFlow.csproj", "{F5200846-61EC-4C65-881D-90F2A67AE717}"
EndProject
Project("{FAE04EC0-301F-11D3-BF4B-00C04F79EFBC}") = "KenWood.Tests", "BusinessFlow.Tests\BusinessFlow.Tests.csproj", "{58F61989-C853-491D-97DA-A8DE97A7FD8B}"
EndProject
Global
	GlobalSection(SolutionConfigurationPlatforms) = preSolution
		Debug|Any CPU = Debug|Any CPU
		Release|Any CPU = Release|Any CPU
	EndGlobalSection
	GlobalSection(ProjectConfigurationPlatforms) = postSolution
		{F5200846-61EC-4C65-881D-90F2A67AE717}.Debug|Any CPU.ActiveCfg = Debug|Any CPU
		{F5200846-61EC-4C65-881D-90F2A67AE717}.Debug|Any CPU.Build.0 = Debug|Any CPU
		{F5200846-61EC-4C65-881D-90F2A67AE717}.Release|Any CPU.ActiveCfg = Release|Any CPU
		{F5200846-61EC-4C65-881D-90F2A67AE717}.Release|Any CPU.Build.0 = Release|Any CPU
		{58F61989-C853-491D-97DA-A8DE97A7FD8B}.Debug|Any CPU.ActiveCfg = Debug|Any CPU
		{58F61989-C853-491D-97DA-A8DE97A7FD8B}.Debug|Any CPU.Build.0 = Debug|Any CPU
		{58F61989-C853-491D-97DA-A8DE97A7FD8B}.Release|Any CPU.ActiveCfg = Release|Any CPU
		{58F61989-C853-491D-97DA-A8DE97A7FD8B}.Release|Any CPU.Build.0 = Release|Any CPU
	EndGlobalSection
	GlobalSection(SolutionProperties) = preSolution
		HideSolutionNode = FALSE
	EndGlobalSection
EndGlobal
